// !$*UTF8*$!
{
	archiveVersion = 1;
	classes = {
	};
	objectVersion = 46;
	objects = {

/* Begin PBXBuildFile section */
		6FF7D16A15E91A9B00FE183A /* UIKit.framework in Frameworks */ = {isa = PBXBuildFile; fileRef = 6FF7D16915E91A9B00FE183A /* UIKit.framework */; };
		6FF7D16C15E91A9B00FE183A /* Foundation.framework in Frameworks */ = {isa = PBXBuildFile; fileRef = 6FF7D16B15E91A9B00FE183A /* Foundation.framework */; };
		6FF7D16E15E91A9B00FE183A /* CoreGraphics.framework in Frameworks */ = {isa = PBXBuildFile; fileRef = 6FF7D16D15E91A9B00FE183A /* CoreGraphics.framework */; };
		6FF7D17415E91A9B00FE183A /* InfoPlist.strings in Resources */ = {isa = PBXBuildFile; fileRef = 6FF7D17215E91A9B00FE183A /* InfoPlist.strings */; };
		6FF7D17615E91A9B00FE183A /* main.m in Sources */ = {isa = PBXBuildFile; fileRef = 6FF7D17515E91A9B00FE183A /* main.m */; };
		6FF7D17A15E91A9B00FE183A /* iHospital_UiAppDelegate.m in Sources */ = {isa = PBXBuildFile; fileRef = 6FF7D17915E91A9B00FE183A /* iHospital_UiAppDelegate.m */; };
		6FF7D17D15E91A9B00FE183A /* MainStoryboard.storyboard in Resources */ = {isa = PBXBuildFile; fileRef = 6FF7D17B15E91A9B00FE183A /* MainStoryboard.storyboard */; };
		6FF7D18015E91A9B00FE183A /* iHospital_UiFirstViewController.m in Sources */ = {isa = PBXBuildFile; fileRef = 6FF7D17F15E91A9B00FE183A /* iHospital_UiFirstViewController.m */; };
		6FF7D18215E91A9B00FE183A /* first.png in Resources */ = {isa = PBXBuildFile; fileRef = 6FF7D18115E91A9B00FE183A /* first.png */; };
		6FF7D18415E91A9B00FE183A /* first@2x.png in Resources */ = {isa = PBXBuildFile; fileRef = 6FF7D18315E91A9B00FE183A /* first@2x.png */; };
		6FF7D18715E91A9B00FE183A /* iHospital_UiSecondViewController.m in Sources */ = {isa = PBXBuildFile; fileRef = 6FF7D18615E91A9B00FE183A /* iHospital_UiSecondViewController.m */; };
		6FF7D18915E91A9B00FE183A /* second.png in Resources */ = {isa = PBXBuildFile; fileRef = 6FF7D18815E91A9B00FE183A /* second.png */; };
		6FF7D18B15E91A9B00FE183A /* second@2x.png in Resources */ = {isa = PBXBuildFile; fileRef = 6FF7D18A15E91A9B00FE183A /* second@2x.png */; };
/* End PBXBuildFile section */

/* Begin PBXFileReference section */
		6FF7D16515E91A9B00FE183A /* iHospital.Ui.app */ = {isa = PBXFileReference; explicitFileType = wrapper.application; includeInIndex = 0; path = iHospital.Ui.app; sourceTree = BUILT_PRODUCTS_DIR; };
		6FF7D16915E91A9B00FE183A /* UIKit.framework */ = {isa = PBXFileReference; lastKnownFileType = wrapper.framework; name = UIKit.framework; path = System/Library/Frameworks/UIKit.framework; sourceTree = SDKROOT; };
		6FF7D16B15E91A9B00FE183A /* Foundation.framework */ = {isa = PBXFileReference; lastKnownFileType = wrapper.framework; name = Foundation.framework; path = System/Library/Frameworks/Foundation.framework; sourceTree = SDKROOT; };
		6FF7D16D15E91A9B00FE183A /* CoreGraphics.framework */ = {isa = PBXFileReference; lastKnownFileType = wrapper.framework; name = CoreGraphics.framework; path = System/Library/Frameworks/CoreGraphics.framework; sourceTree = SDKROOT; };
		6FF7D17115E91A9B00FE183A /* iHospital.Ui-Info.plist */ = {isa = PBXFileReference; lastKnownFileType = text.plist.xml; path = "iHospital.Ui-Info.plist"; sourceTree = "<group>"; };
		6FF7D17315E91A9B00FE183A /* en */ = {isa = PBXFileReference; lastKnownFileType = text.plist.strings; name = en; path = en.lproj/InfoPlist.strings; sourceTree = "<group>"; };
		6FF7D17515E91A9B00FE183A /* main.m */ = {isa = PBXFileReference; lastKnownFileType = sourcecode.c.objc; path = main.m; sourceTree = "<group>"; };
		6FF7D17715E91A9B00FE183A /* iHospital.Ui-Prefix.pch */ = {isa = PBXFileReference; lastKnownFileType = sourcecode.c.h; path = "iHospital.Ui-Prefix.pch"; sourceTree = "<group>"; };
		6FF7D17815E91A9B00FE183A /* iHospital_UiAppDelegate.h */ = {isa = PBXFileReference; lastKnownFileType = sourcecode.c.h; path = iHospital_UiAppDelegate.h; sourceTree = "<group>"; };
		6FF7D17915E91A9B00FE183A /* iHospital_UiAppDelegate.m */ = {isa = PBXFileReference; lastKnownFileType = sourcecode.c.objc; path = iHospital_UiAppDelegate.m; sourceTree = "<group>"; };
		6FF7D17C15E91A9B00FE183A /* en */ = {isa = PBXFileReference; lastKnownFileType = file.storyboard; name = en; path = en.lproj/MainStoryboard.storyboard; sourceTree = "<group>"; };
		6FF7D17E15E91A9B00FE183A /* iHospital_UiFirstViewController.h */ = {isa = PBXFileReference; lastKnownFileType = sourcecode.c.h; path = iHospital_UiFirstViewController.h; sourceTree = "<group>"; };
		6FF7D17F15E91A9B00FE183A /* iHospital_UiFirstViewController.m */ = {isa = PBXFileReference; lastKnownFileType = sourcecode.c.objc; path = iHospital_UiFirstViewController.m; sourceTree = "<group>"; };
		6FF7D18115E91A9B00FE183A /* first.png */ = {isa = PBXFileReference; lastKnownFileType = image.png; path = first.png; sourceTree = "<group>"; };
		6FF7D18315E91A9B00FE183A /* first@2x.png */ = {isa = PBXFileReference; lastKnownFileType = image.png; path = "first@2x.png"; sourceTree = "<group>"; };
		6FF7D18515E91A9B00FE183A /* iHospital_UiSecondViewController.h */ = {isa = PBXFileReference; lastKnownFileType = sourcecode.c.h; path = iHospital_UiSecondViewController.h; sourceTree = "<group>"; };
		6FF7D18615E91A9B00FE183A /* iHospital_UiSecondViewController.m */ = {isa = PBXFileReference; lastKnownFileType = sourcecode.c.objc; path = iHospital_UiSecondViewController.m; sourceTree = "<group>"; };
		6FF7D18815E91A9B00FE183A /* second.png */ = {isa = PBXFileReference; lastKnownFileType = image.png; path = second.png; sourceTree = "<group>"; };
		6FF7D18A15E91A9B00FE183A /* second@2x.png */ = {isa = PBXFileReference; lastKnownFileType = image.png; path = "second@2x.png"; sourceTree = "<group>"; };
/* End PBXFileReference section */

/* Begin PBXFrameworksBuildPhase section */
		6FF7D16215E91A9B00FE183A /* Frameworks */ = {
			isa = PBXFrameworksBuildPhase;
			buildActionMask = 2147483647;
			files = (
				6FF7D16A15E91A9B00FE183A /* UIKit.framework in Frameworks */,
				6FF7D16C15E91A9B00FE183A /* Foundation.framework in Frameworks */,
				6FF7D16E15E91A9B00FE183A /* CoreGraphics.framework in Frameworks */,
			);
			runOnlyForDeploymentPostprocessing = 0;
		};
/* End PBXFrameworksBuildPhase section */

/* Begin PBXGroup section */
		6FF7D15A15E91A9B00FE183A = {
			isa = PBXGroup;
			children = (
				6FF7D16F15E91A9B00FE183A /* iHospital.Ui */,
				6FF7D16815E91A9B00FE183A /* Frameworks */,
				6FF7D16615E91A9B00FE183A /* Products */,
			);
			sourceTree = "<group>";
		};
		6FF7D16615E91A9B00FE183A /* Products */ = {
			isa = PBXGroup;
			children = (
				6FF7D16515E91A9B00FE183A /* iHospital.Ui.app */,
			);
			name = Products;
			sourceTree = "<group>";
		};
		6FF7D16815E91A9B00FE183A /* Frameworks */ = {
			isa = PBXGroup;
			children = (
				6FF7D16915E91A9B00FE183A /* UIKit.framework */,
				6FF7D16B15E91A9B00FE183A /* Foundation.framework */,
				6FF7D16D15E91A9B00FE183A /* CoreGraphics.framework */,
			);
			name = Frameworks;
			sourceTree = "<group>";
		};
		6FF7D16F15E91A9B00FE183A /* iHospital.Ui */ = {
			isa = PBXGroup;
			children = (
				6FF7D17815E91A9B00FE183A /* iHospital_UiAppDelegate.h */,
				6FF7D17915E91A9B00FE183A /* iHospital_UiAppDelegate.m */,
				6FF7D17B15E91A9B00FE183A /* MainStoryboard.storyboard */,
				6FF7D17E15E91A9B00FE183A /* iHospital_UiFirstViewController.h */,
				6FF7D17F15E91A9B00FE183A /* iHospital_UiFirstViewController.m */,
				6FF7D18115E91A9B00FE183A /* first.png */,
				6FF7D18315E91A9B00FE183A /* first@2x.png */,
				6FF7D18515E91A9B00FE183A /* iHospital_UiSecondViewController.h */,
				6FF7D18615E91A9B00FE183A /* iHospital_UiSecondViewController.m */,
				6FF7D18815E91A9B00FE183A /* second.png */,
				6FF7D18A15E91A9B00FE183A /* second@2x.png */,
				6FF7D17015E91A9B00FE183A /* Supporting Files */,
			);
			path = iHospital.Ui;
			sourceTree = "<group>";
		};
		6FF7D17015E91A9B00FE183A /* Supporting Files */ = {
			isa = PBXGroup;
			children = (
				6FF7D17115E91A9B00FE183A /* iHospital.Ui-Info.plist */,
				6FF7D17215E91A9B00FE183A /* InfoPlist.strings */,
				6FF7D17515E91A9B00FE183A /* main.m */,
				6FF7D17715E91A9B00FE183A /* iHospital.Ui-Prefix.pch */,
			);
			name = "Supporting Files";
			sourceTree = "<group>";
		};
/* End PBXGroup section */

/* Begin PBXNativeTarget section */
		6FF7D16415E91A9B00FE183A /* iHospital.Ui */ = {
			isa = PBXNativeTarget;
			buildConfigurationList = 6FF7D18E15E91A9B00FE183A /* Build configuration list for PBXNativeTarget "iHospital.Ui" */;
			buildPhases = (
				6FF7D16115E91A9B00FE183A /* Sources */,
				6FF7D16215E91A9B00FE183A /* Frameworks */,
				6FF7D16315E91A9B00FE183A /* Resources */,
			);
			buildRules = (
			);
			dependencies = (
			);
			name = iHospital.Ui;
			productName = iHospital.Ui;
			productReference = 6FF7D16515E91A9B00FE183A /* iHospital.Ui.app */;
			productType = "com.apple.product-type.application";
		};
/* End PBXNativeTarget section */

/* Begin PBXProject section */
		6FF7D15C15E91A9B00FE183A /* Project object */ = {
			isa = PBXProject;
			attributes = {
				CLASSPREFIX = iHospital.Ui;
				LastUpgradeCheck = 0440;
				ORGANIZATIONNAME = xxx;
			};
			buildConfigurationList = 6FF7D15F15E91A9B00FE183A /* Build configuration list for PBXProject "iHospital.Ui" */;
			compatibilityVersion = "Xcode 3.2";
			developmentRegion = English;
			hasScannedForEncodings = 0;
			knownRegions = (
				en,
			);
			mainGroup = 6FF7D15A15E91A9B00FE183A;
			productRefGroup = 6FF7D16615E91A9B00FE183A /* Products */;
			projectDirPath = "";
			projectRoot = "";
			targets = (
				6FF7D16415E91A9B00FE183A /* iHospital.Ui */,
			);
		};
/* End PBXProject section */

/* Begin PBXResourcesBuildPhase section */
		6FF7D16315E91A9B00FE183A /* Resources */ = {
			isa = PBXResourcesBuildPhase;
			buildActionMask = 2147483647;
			files = (
				6FF7D17415E91A9B00FE183A /* InfoPlist.strings in Resources */,
				6FF7D17D15E91A9B00FE183A /* MainStoryboard.storyboard in Resources */,
				6FF7D18215E91A9B00FE183A /* first.png in Resources */,
				6FF7D18415E91A9B00FE183A /* first@2x.png in Resources */,
				6FF7D18915E91A9B00FE183A /* second.png in Resources */,
				6FF7D18B15E91A9B00FE183A /* second@2x.png in Resources */,
			);
			runOnlyForDeploymentPostprocessing = 0;
		};
/* End PBXResourcesBuildPhase section */

/* Begin PBXSourcesBuildPhase section */
		6FF7D16115E91A9B00FE183A /* Sources */ = {
			isa = PBXSourcesBuildPhase;
			buildActionMask = 2147483647;
			files = (
				6FF7D17615E91A9B00FE183A /* main.m in Sources */,
				6FF7D17A15E91A9B00FE183A /* iHospital_UiAppDelegate.m in Sources */,
				6FF7D18015E91A9B00FE183A /* iHospital_UiFirstViewController.m in Sources */,
				6FF7D18715E91A9B00FE183A /* iHospital_UiSecondViewController.m in Sources */,
			);
			runOnlyForDeploymentPostprocessing = 0;
		};
/* End PBXSourcesBuildPhase section */

/* Begin PBXVariantGroup section */
		6FF7D17215E91A9B00FE183A /* InfoPlist.strings */ = {
			isa = PBXVariantGroup;
			children = (
				6FF7D17315E91A9B00FE183A /* en */,
			);
			name = InfoPlist.strings;
			sourceTree = "<group>";
		};
		6FF7D17B15E91A9B00FE183A /* MainStoryboard.storyboard */ = {
			isa = PBXVariantGroup;
			children = (
				6FF7D17C15E91A9B00FE183A /* en */,
			);
			name = MainStoryboard.storyboard;
			sourceTree = "<group>";
		};
/* End PBXVariantGroup section */

/* Begin XCBuildConfiguration section */
		6FF7D18C15E91A9B00FE183A /* Debug */ = {
			isa = XCBuildConfiguration;
			buildSettings = {
				ALWAYS_SEARCH_USER_PATHS = NO;
				ARCHS = "$(ARCHS_STANDARD_32_BIT)";
				CLANG_CXX_LANGUAGE_STANDARD = "gnu++0x";
				CLANG_ENABLE_OBJC_ARC = YES;
				CLANG_WARN__DUPLICATE_METHOD_MATCH = YES;
				"CODE_SIGN_IDENTITY[sdk=iphoneos*]" = "iPhone Developer";
				COPY_PHASE_STRIP = NO;
				GCC_C_LANGUAGE_STANDARD = gnu99;
				GCC_DYNAMIC_NO_PIC = NO;
				GCC_OPTIMIZATION_LEVEL = 0;
				GCC_PREPROCESSOR_DEFINITIONS = (
					"DEBUG=1",
					"$(inherited)",
				);
				GCC_SYMBOLS_PRIVATE_EXTERN = NO;
				GCC_VERSION = com.apple.compilers.llvm.clang.1_0;
				GCC_WARN_ABOUT_RETURN_TYPE = YES;
				GCC_WARN_UNINITIALIZED_AUTOS = YES;
				GCC_WARN_UNUSED_VARIABLE = YES;
				IPHONEOS_DEPLOYMENT_TARGET = 5.1;
				SDKROOT = iphoneos;
			};
			name = Debug;
		};
		6FF7D18D15E91A9B00FE183A /* Release */ = {
			isa = XCBuildConfiguration;
			buildSettings = {
				ALWAYS_SEARCH_USER_PATHS = NO;
				ARCHS = "$(ARCHS_STANDARD_32_BIT)";
				CLANG_CXX_LANGUAGE_STANDARD = "gnu++0x";
				CLANG_ENABLE_OBJC_ARC = YES;
				CLANG_WARN__DUPLICATE_METHOD_MATCH = YES;
				"CODE_SIGN_IDENTITY[sdk=iphoneos*]" = "iPhone Developer";
				COPY_PHASE_STRIP = YES;
				GCC_C_LANGUAGE_STANDARD = gnu99;
				GCC_VERSION = com.apple.compilers.llvm.clang.1_0;
				GCC_WARN_ABOUT_RETURN_TYPE = YES;
				GCC_WARN_UNINITIALIZED_AUTOS = YES;
				GCC_WARN_UNUSED_VARIABLE = YES;
				IPHONEOS_DEPLOYMENT_TARGET = 5.1;
				OTHER_CFLAGS = "-DNS_BLOCK_ASSERTIONS=1";
				SDKROOT = iphoneos;
				VALIDATE_PRODUCT = YES;
			};
			name = Release;
		};
		6FF7D18F15E91A9B00FE183A /* Debug */ = {
			isa = XCBuildConfiguration;
			buildSettings = {
				GCC_PRECOMPILE_PREFIX_HEADER = YES;
				GCC_PREFIX_HEADER = "iHospital.Ui/iHospital.Ui-Prefix.pch";
				INFOPLIST_FILE = "iHospital.Ui/iHospital.Ui-Info.plist";
				PRODUCT_NAME = "$(TARGET_NAME)";
				WRAPPER_EXTENSION = app;
			};
			name = Debug;
		};
		6FF7D19015E91A9B00FE183A /* Release */ = {
			isa = XCBuildConfiguration;
			buildSettings = {
				GCC_PRECOMPILE_PREFIX_HEADER = YES;
				GCC_PREFIX_HEADER = "iHospital.Ui/iHospital.Ui-Prefix.pch";
				INFOPLIST_FILE = "iHospital.Ui/iHospital.Ui-Info.plist";
				PRODUCT_NAME = "$(TARGET_NAME)";
				WRAPPER_EXTENSION = app;
			};
			name = Release;
		};
/* End XCBuildConfiguration section */

/* Begin XCConfigurationList section */
		6FF7D15F15E91A9B00FE183A /* Build configuration list for PBXProject "iHospital.Ui" */ = {
			isa = XCConfigurationList;
			buildConfigurations = (
				6FF7D18C15E91A9B00FE183A /* Debug */,
				6FF7D18D15E91A9B00FE183A /* Release */,
			);
			defaultConfigurationIsVisible = 0;
			defaultConfigurationName = Release;
		};
		6FF7D18E15E91A9B00FE183A /* Build configuration list for PBXNativeTarget "iHospital.Ui" */ = {
			isa = XCConfigurationList;
			buildConfigurations = (
				6FF7D18F15E91A9B00FE183A /* Debug */,
				6FF7D19015E91A9B00FE183A /* Release */,
			);
			defaultConfigurationIsVisible = 0;
		};
/* End XCConfigurationList section */
	};
	rootObject = 6FF7D15C15E91A9B00FE183A /* Project object */;
}
